
Microsoft Visual Studio Solution File, Format Version 12.00
# Visual Studio Version 17
VisualStudioVersion = 17.14.36414.22 d17.14
MinimumVisualStudioVersion = 10.0.40219.1
Project("{FAE04EC0-301F-11D3-BF4B-00C04F79EFBC}") = "CaarInsurance", "CaarInsurance\CaarInsurance.csproj", "{487B6F53-52FF-45DE-93B1-A445E9565D83}"
EndProject
Global
	GlobalSection(SolutionConfigurationPlatforms) = preSolution
		Debug|Any CPU = Debug|Any CPU
		Release|Any CPU = Release|Any CPU
	EndGlobalSection
	GlobalSection(ProjectConfigurationPlatforms) = postSolution
		{487B6F53-52FF-45DE-93B1-A445E9565D83}.Debug|Any CPU.ActiveCfg = Debug|Any CPU
		{487B6F53-52FF-45DE-93B1-A445E9565D83}.Debug|Any CPU.Build.0 = Debug|Any CPU
		{487B6F53-52FF-45DE-93B1-A445E9565D83}.Release|Any CPU.ActiveCfg = Release|Any CPU
		{487B6F53-52FF-45DE-93B1-A445E9565D83}.Release|Any CPU.Build.0 = Release|Any CPU
	EndGlobalSection
	GlobalSection(SolutionProperties) = preSolution
		HideSolutionNode = FALSE
	EndGlobalSection
	GlobalSection(ExtensibilityGlobals) = postSolution
		SolutionGuid = {8FA30050-120B-4E21-B446-097001C2DF15}
	EndGlobalSection
EndGlobal
